
Microsoft Visual Studio Solution File, Format Version 12.00
# Visual Studio Version 16
VisualStudioVersion = 16.0.30503.244
MinimumVisualStudioVersion = 10.0.40219.1
Project("{FAE04EC0-301F-11D3-BF4B-00C04F79EFBC}") = "WindowsFormsCars", "WindowsFormsCars.csproj", "{488FA06D-2017-48BA-B877-BEF9745B1F27}"
EndProject
Global
	GlobalSection(SolutionConfigurationPlatforms) = preSolution
		Debug|Any CPU = Debug|Any CPU
		Release|Any CPU = Release|Any CPU
	EndGlobalSection
	GlobalSection(ProjectConfigurationPlatforms) = postSolution
		{488FA06D-2017-48BA-B877-BEF9745B1F27}.Debug|Any CPU.ActiveCfg = Debug|Any CPU
		{488FA06D-2017-48BA-B877-BEF9745B1F27}.Debug|Any CPU.Build.0 = Debug|Any CPU
		{488FA06D-2017-48BA-B877-BEF9745B1F27}.Release|Any CPU.ActiveCfg = Release|Any CPU
		{488FA06D-2017-48BA-B877-BEF9745B1F27}.Release|Any CPU.Build.0 = Release|Any CPU
	EndGlobalSection
	GlobalSection(SolutionProperties) = preSolution
		HideSolutionNode = FALSE
	EndGlobalSection
	GlobalSection(ExtensibilityGlobals) = postSolution
		SolutionGuid = {7ED18DB3-313D-4490-AA26-24B5EAE849E8}
	EndGlobalSection
EndGlobal
